// !$*UTF8*$!
{
	archiveVersion = 1;
	classes = {
	};
	objectVersion = 48;
	objects = {

/* Begin PBXBuildFile section */
		1425C92420A3D0FC00D4ECC6 /* MealViewController.swift in Sources */ = {isa = PBXBuildFile; fileRef = 14D22F44209C46C6005D3D2D /* MealViewController.swift */; };
		1446FD8620A93C290004253F /* MealTableViewCell.swift in Sources */ = {isa = PBXBuildFile; fileRef = 1446FD8520A93C290004253F /* MealTableViewCell.swift */; };
		1446FD8820A97A5C0004253F /* MealTableViewController.swift in Sources */ = {isa = PBXBuildFile; fileRef = 1446FD8720A97A5C0004253F /* MealTableViewController.swift */; };
		14D22F43209C46C6005D3D2D /* AppDelegate.swift in Sources */ = {isa = PBXBuildFile; fileRef = 14D22F42209C46C6005D3D2D /* AppDelegate.swift */; };
		14D22F48209C46C6005D3D2D /* Main.storyboard in Resources */ = {isa = PBXBuildFile; fileRef = 14D22F46209C46C6005D3D2D /* Main.storyboard */; };
		14D22F4A209C46C6005D3D2D /* Assets.xcassets in Resources */ = {isa = PBXBuildFile; fileRef = 14D22F49209C46C6005D3D2D /* Assets.xcassets */; };
		14D22F4D209C46C6005D3D2D /* LaunchScreen.storyboard in Resources */ = {isa = PBXBuildFile; fileRef = 14D22F4B209C46C6005D3D2D /* LaunchScreen.storyboard */; };
		14D22F58209C46C6005D3D2D /* FoodTrackerTests.swift in Sources */ = {isa = PBXBuildFile; fileRef = 14D22F57209C46C6005D3D2D /* FoodTrackerTests.swift */; };
		14D22F63209C46C6005D3D2D /* FoodTrackerUITests.swift in Sources */ = {isa = PBXBuildFile; fileRef = 14D22F62209C46C6005D3D2D /* FoodTrackerUITests.swift */; };
		14F19AB820A53CE900158BA5 /* RatingControl.swift in Sources */ = {isa = PBXBuildFile; fileRef = 14F19AB720A53CE900158BA5 /* RatingControl.swift */; };
		582B24ED20A81D6D00ED632A /* Meal.swift in Sources */ = {isa = PBXBuildFile; fileRef = 582B24EC20A81D6D00ED632A /* Meal.swift */; };
/* End PBXBuildFile section */

/* Begin PBXContainerItemProxy section */
		14D22F54209C46C6005D3D2D /* PBXContainerItemProxy */ = {
			isa = PBXContainerItemProxy;
			containerPortal = 14D22F37209C46C6005D3D2D /* Project object */;
			proxyType = 1;
			remoteGlobalIDString = 14D22F3E209C46C6005D3D2D;
			remoteInfo = FoodTracker;
		};
		14D22F5F209C46C6005D3D2D /* PBXContainerItemProxy */ = {
			isa = PBXContainerItemProxy;
			containerPortal = 14D22F37209C46C6005D3D2D /* Project object */;
			proxyType = 1;
			remoteGlobalIDString = 14D22F3E209C46C6005D3D2D;
			remoteInfo = FoodTracker;
		};
/* End PBXContainerItemProxy section */

/* Begin PBXFileReference section */
		1446FD8520A93C290004253F /* MealTableViewCell.swift */ = {isa = PBXFileReference; lastKnownFileType = sourcecode.swift; path = MealTableViewCell.swift; sourceTree = "<group>"; };
		1446FD8720A97A5C0004253F /* MealTableViewController.swift */ = {isa = PBXFileReference; lastKnownFileType = sourcecode.swift; path = MealTableViewController.swift; sourceTree = "<group>"; };
		14D22F3F209C46C6005D3D2D /* FoodTracker.app */ = {isa = PBXFileReference; explicitFileType = wrapper.application; includeInIndex = 0; path = FoodTracker.app; sourceTree = BUILT_PRODUCTS_DIR; };
		14D22F42209C46C6005D3D2D /* AppDelegate.swift */ = {isa = PBXFileReference; lastKnownFileType = sourcecode.swift; path = AppDelegate.swift; sourceTree = "<group>"; };
		14D22F44209C46C6005D3D2D /* MealViewController.swift */ = {isa = PBXFileReference; lastKnownFileType = sourcecode.swift; path = MealViewController.swift; sourceTree = "<group>"; };
		14D22F47209C46C6005D3D2D /* Base */ = {isa = PBXFileReference; lastKnownFileType = file.storyboard; name = Base; path = Base.lproj/Main.storyboard; sourceTree = "<group>"; };
		14D22F49209C46C6005D3D2D /* Assets.xcassets */ = {isa = PBXFileReference; lastKnownFileType = folder.assetcatalog; path = Assets.xcassets; sourceTree = "<group>"; };
		14D22F4C209C46C6005D3D2D /* Base */ = {isa = PBXFileReference; lastKnownFileType = file.storyboard; name = Base; path = Base.lproj/LaunchScreen.storyboard; sourceTree = "<group>"; };
		14D22F4E209C46C6005D3D2D /* Info.plist */ = {isa = PBXFileReference; lastKnownFileType = text.plist.xml; path = Info.plist; sourceTree = "<group>"; };
		14D22F53209C46C6005D3D2D /* FoodTrackerTests.xctest */ = {isa = PBXFileReference; explicitFileType = wrapper.cfbundle; includeInIndex = 0; path = FoodTrackerTests.xctest; sourceTree = BUILT_PRODUCTS_DIR; };
		14D22F57209C46C6005D3D2D /* FoodTrackerTests.swift */ = {isa = PBXFileReference; lastKnownFileType = sourcecode.swift; path = FoodTrackerTests.swift; sourceTree = "<group>"; };
		14D22F59209C46C6005D3D2D /* Info.plist */ = {isa = PBXFileReference; lastKnownFileType = text.plist.xml; path = Info.plist; sourceTree = "<group>"; };
		14D22F5E209C46C6005D3D2D /* FoodTrackerUITests.xctest */ = {isa = PBXFileReference; explicitFileType = wrapper.cfbundle; includeInIndex = 0; path = FoodTrackerUITests.xctest; sourceTree = BUILT_PRODUCTS_DIR; };
		14D22F62209C46C6005D3D2D /* FoodTrackerUITests.swift */ = {isa = PBXFileReference; lastKnownFileType = sourcecode.swift; path = FoodTrackerUITests.swift; sourceTree = "<group>"; };
		14D22F64209C46C6005D3D2D /* Info.plist */ = {isa = PBXFileReference; lastKnownFileType = text.plist.xml; path = Info.plist; sourceTree = "<group>"; };
		14F19AB720A53CE900158BA5 /* RatingControl.swift */ = {isa = PBXFileReference; lastKnownFileType = sourcecode.swift; path = RatingControl.swift; sourceTree = "<group>"; };
		582B24EC20A81D6D00ED632A /* Meal.swift */ = {isa = PBXFileReference; lastKnownFileType = sourcecode.swift; path = Meal.swift; sourceTree = "<group>"; };
/* End PBXFileReference section */

/* Begin PBXFrameworksBuildPhase section */
		14D22F3C209C46C6005D3D2D /* Frameworks */ = {
			isa = PBXFrameworksBuildPhase;
			buildActionMask = 2147483647;
			files = (
			);
			runOnlyForDeploymentPostprocessing = 0;
		};
		14D22F50209C46C6005D3D2D /* Frameworks */ = {
			isa = PBXFrameworksBuildPhase;
			buildActionMask = 2147483647;
			files = (
			);
			runOnlyForDeploymentPostprocessing = 0;
		};
		14D22F5B209C46C6005D3D2D /* Frameworks */ = {
			isa = PBXFrameworksBuildPhase;
			buildActionMask = 2147483647;
			files = (
			);
			runOnlyForDeploymentPostprocessing = 0;
		};
/* End PBXFrameworksBuildPhase section */

/* Begin PBXGroup section */
		14D22F36209C46C6005D3D2D = {
			isa = PBXGroup;
			children = (
				14D22F41209C46C6005D3D2D /* FoodTracker */,
				14D22F56209C46C6005D3D2D /* FoodTrackerTests */,
				14D22F61209C46C6005D3D2D /* FoodTrackerUITests */,
				14D22F40209C46C6005D3D2D /* Products */,
			);
			sourceTree = "<group>";
		};
		14D22F40209C46C6005D3D2D /* Products */ = {
			isa = PBXGroup;
			children = (
				14D22F3F209C46C6005D3D2D /* FoodTracker.app */,
				14D22F53209C46C6005D3D2D /* FoodTrackerTests.xctest */,
				14D22F5E209C46C6005D3D2D /* FoodTrackerUITests.xctest */,
			);
			name = Products;
			sourceTree = "<group>";
		};
		14D22F41209C46C6005D3D2D /* FoodTracker */ = {
			isa = PBXGroup;
			children = (
				14D22F42209C46C6005D3D2D /* AppDelegate.swift */,
				14D22F44209C46C6005D3D2D /* MealViewController.swift */,
				582B24EC20A81D6D00ED632A /* Meal.swift */,
				14D22F46209C46C6005D3D2D /* Main.storyboard */,
				1446FD8720A97A5C0004253F /* MealTableViewController.swift */,
				1446FD8520A93C290004253F /* MealTableViewCell.swift */,
				14F19AB720A53CE900158BA5 /* RatingControl.swift */,
				14D22F49209C46C6005D3D2D /* Assets.xcassets */,
				14D22F4B209C46C6005D3D2D /* LaunchScreen.storyboard */,
				14D22F4E209C46C6005D3D2D /* Info.plist */,
			);
			path = FoodTracker;
			sourceTree = "<group>";
		};
		14D22F56209C46C6005D3D2D /* FoodTrackerTests */ = {
			isa = PBXGroup;
			children = (
				14D22F57209C46C6005D3D2D /* FoodTrackerTests.swift */,
				14D22F59209C46C6005D3D2D /* Info.plist */,
			);
			path = FoodTrackerTests;
			sourceTree = "<group>";
		};
		14D22F61209C46C6005D3D2D /* FoodTrackerUITests */ = {
			isa = PBXGroup;
			children = (
				14D22F62209C46C6005D3D2D /* FoodTrackerUITests.swift */,
				14D22F64209C46C6005D3D2D /* Info.plist */,
			);
			path = FoodTrackerUITests;
			sourceTree = "<group>";
		};
/* End PBXGroup section */

/* Begin PBXNativeTarget section */
		14D22F3E209C46C6005D3D2D /* FoodTracker */ = {
			isa = PBXNativeTarget;
			buildConfigurationList = 14D22F67209C46C6005D3D2D /* Build configuration list for PBXNativeTarget "FoodTracker" */;
			buildPhases = (
				14D22F3B209C46C6005D3D2D /* Sources */,
				14D22F3C209C46C6005D3D2D /* Frameworks */,
				14D22F3D209C46C6005D3D2D /* Resources */,
			);
			buildRules = (
			);
			dependencies = (
			);
			name = FoodTracker;
			productName = FoodTracker;
			productReference = 14D22F3F209C46C6005D3D2D /* FoodTracker.app */;
			productType = "com.apple.product-type.application";
		};
		14D22F52209C46C6005D3D2D /* FoodTrackerTests */ = {
			isa = PBXNativeTarget;
			buildConfigurationList = 14D22F6A209C46C6005D3D2D /* Build configuration list for PBXNativeTarget "FoodTrackerTests" */;
			buildPhases = (
				14D22F4F209C46C6005D3D2D /* Sources */,
				14D22F50209C46C6005D3D2D /* Frameworks */,
				14D22F51209C46C6005D3D2D /* Resources */,
			);
			buildRules = (
			);
			dependencies = (
				14D22F55209C46C6005D3D2D /* PBXTargetDependency */,
			);
			name = FoodTrackerTests;
			productName = FoodTrackerTests;
			productReference = 14D22F53209C46C6005D3D2D /* FoodTrackerTests.xctest */;
			productType = "com.apple.product-type.bundle.unit-test";
		};
		14D22F5D209C46C6005D3D2D /* FoodTrackerUITests */ = {
			isa = PBXNativeTarget;
			buildConfigurationList = 14D22F6D209C46C6005D3D2D /* Build configuration list for PBXNativeTarget "FoodTrackerUITests" */;
			buildPhases = (
				14D22F5A209C46C6005D3D2D /* Sources */,
				14D22F5B209C46C6005D3D2D /* Frameworks */,
				14D22F5C209C46C6005D3D2D /* Resources */,
			);
			buildRules = (
			);
			dependencies = (
				14D22F60209C46C6005D3D2D /* PBXTargetDependency */,
			);
			name = FoodTrackerUITests;
			productName = FoodTrackerUITests;
			productReference = 14D22F5E209C46C6005D3D2D /* FoodTrackerUITests.xctest */;
			productType = "com.apple.product-type.bundle.ui-testing";
		};
/* End PBXNativeTarget section */

/* Begin PBXProject section */
		14D22F37209C46C6005D3D2D /* Project object */ = {
			isa = PBXProject;
			attributes = {
				LastSwiftUpdateCheck = 0920;
				LastUpgradeCheck = 0930;
				ORGANIZATIONNAME = zhangjingyu;
				TargetAttributes = {
					14D22F3E209C46C6005D3D2D = {
						CreatedOnToolsVersion = 9.2;
						ProvisioningStyle = Automatic;
					};
					14D22F52209C46C6005D3D2D = {
						CreatedOnToolsVersion = 9.2;
						ProvisioningStyle = Automatic;
						TestTargetID = 14D22F3E209C46C6005D3D2D;
					};
					14D22F5D209C46C6005D3D2D = {
						CreatedOnToolsVersion = 9.2;
						ProvisioningStyle = Automatic;
						TestTargetID = 14D22F3E209C46C6005D3D2D;
					};
				};
			};
			buildConfigurationList = 14D22F3A209C46C6005D3D2D /* Build configuration list for PBXProject "FoodTracker" */;
			compatibilityVersion = "Xcode 8.0";
			developmentRegion = en;
			hasScannedForEncodings = 0;
			knownRegions = (
				en,
				Base,
			);
			mainGroup = 14D22F36209C46C6005D3D2D;
			productRefGroup = 14D22F40209C46C6005D3D2D /* Products */;
			projectDirPath = "";
			projectRoot = "";
			targets = (
				14D22F3E209C46C6005D3D2D /* FoodTracker */,
				14D22F52209C46C6005D3D2D /* FoodTrackerTests */,
				14D22F5D209C46C6005D3D2D /* FoodTrackerUITests */,
			);
		};
/* End PBXProject section */

/* Begin PBXResourcesBuildPhase section */
		14D22F3D209C46C6005D3D2D /* Resources */ = {
			isa = PBXResourcesBuildPhase;
			buildActionMask = 2147483647;
			files = (
				14D22F4D209C46C6005D3D2D /* LaunchScreen.storyboard in Resources */,
				14D22F4A209C46C6005D3D2D /* Assets.xcassets in Resources */,
				14D22F48209C46C6005D3D2D /* Main.storyboard in Resources */,
			);
			runOnlyForDeploymentPostprocessing = 0;
		};
		14D22F51209C46C6005D3D2D /* Resources */ = {
			isa = PBXResourcesBuildPhase;
			buildActionMask = 2147483647;
			files = (
			);
			runOnlyForDeploymentPostprocessing = 0;
		};
		14D22F5C209C46C6005D3D2D /* Resources */ = {
			isa = PBXResourcesBuildPhase;
			buildActionMask = 2147483647;
			files = (
			);
			runOnlyForDeploymentPostprocessing = 0;
		};
/* End PBXResourcesBuildPhase section */

/* Begin PBXSourcesBuildPhase section */
		14D22F3B209C46C6005D3D2D /* Sources */ = {
			isa = PBXSourcesBuildPhase;
			buildActionMask = 2147483647;
			files = (
				582B24ED20A81D6D00ED632A /* Meal.swift in Sources */,
				1425C92420A3D0FC00D4ECC6 /* MealViewController.swift in Sources */,
				14F19AB820A53CE900158BA5 /* RatingControl.swift in Sources */,
				14D22F43209C46C6005D3D2D /* AppDelegate.swift in Sources */,
				1446FD8820A97A5C0004253F /* MealTableViewController.swift in Sources */,
				1446FD8620A93C290004253F /* MealTableViewCell.swift in Sources */,
			);
			runOnlyForDeploymentPostprocessing = 0;
		};
		14D22F4F209C46C6005D3D2D /* Sources */ = {
			isa = PBXSourcesBuildPhase;
			buildActionMask = 2147483647;
			files = (
				14D22F58209C46C6005D3D2D /* FoodTrackerTests.swift in Sources */,
			);
			runOnlyForDeploymentPostprocessing = 0;
		};
		14D22F5A209C46C6005D3D2D /* Sources */ = {
			isa = PBXSourcesBuildPhase;
			buildActionMask = 2147483647;
			files = (
				14D22F63209C46C6005D3D2D /* FoodTrackerUITests.swift in Sources */,
			);
			runOnlyForDeploymentPostprocessing = 0;
		};
/* End PBXSourcesBuildPhase section */

/* Begin PBXTargetDependency section */
		14D22F55209C46C6005D3D2D /* PBXTargetDependency */ = {
			isa = PBXTargetDependency;
			target = 14D22F3E209C46C6005D3D2D /* FoodTracker */;
			targetProxy = 14D22F54209C46C6005D3D2D /* PBXContainerItemProxy */;
		};
		14D22F60209C46C6005D3D2D /* PBXTargetDependency */ = {
			isa = PBXTargetDependency;
			target = 14D22F3E209C46C6005D3D2D /* FoodTracker */;
			targetProxy = 14D22F5F209C46C6005D3D2D /* PBXContainerItemProxy */;
		};
/* End PBXTargetDependency section */

/* Begin PBXVariantGroup section */
		14D22F46209C46C6005D3D2D /* Main.storyboard */ = {
			isa = PBXVariantGroup;
			children = (
				14D22F47209C46C6005D3D2D /* Base */,
			);
			name = Main.storyboard;
			sourceTree = "<group>";
		};
		14D22F4B209C46C6005D3D2D /* LaunchScreen.storyboard */ = {
			isa = PBXVariantGroup;
			children = (
				14D22F4C209C46C6005D3D2D /* Base */,
			);
			name = LaunchScreen.storyboard;
			sourceTree = "<group>";
		};
/* End PBXVariantGroup section */

/* Begin XCBuildConfiguration section */
		14D22F65209C46C6005D3D2D /* Debug */ = {
			isa = XCBuildConfiguration;
			buildSettings = {
				ALWAYS_SEARCH_USER_PATHS = NO;
				CLANG_ANALYZER_NONNULL = YES;
				CLANG_ANALYZER_NUMBER_OBJECT_CONVERSION = YES_AGGRESSIVE;
				CLANG_CXX_LANGUAGE_STANDARD = "gnu++14";
				CLANG_CXX_LIBRARY = "libc++";
				CLANG_ENABLE_MODULES = YES;
				CLANG_ENABLE_OBJC_ARC = YES;
				CLANG_WARN_BLOCK_CAPTURE_AUTORELEASING = YES;
				CLANG_WARN_BOOL_CONVERSION = YES;
				CLANG_WARN_COMMA = YES;
				CLANG_WARN_CONSTANT_CONVERSION = YES;
				CLANG_WARN_DEPRECATED_OBJC_IMPLEMENTATIONS = YES;
				CLANG_WARN_DIRECT_OBJC_ISA_USAGE = YES_ERROR;
				CLANG_WARN_DOCUMENTATION_COMMENTS = YES;
				CLANG_WARN_EMPTY_BODY = YES;
				CLANG_WARN_ENUM_CONVERSION = YES;
				CLANG_WARN_INFINITE_RECURSION = YES;
				CLANG_WARN_INT_CONVERSION = YES;
				CLANG_WARN_NON_LITERAL_NULL_CONVERSION = YES;
				CLANG_WARN_OBJC_IMPLICIT_RETAIN_SELF = YES;
				CLANG_WARN_OBJC_LITERAL_CONVERSION = YES;
				CLANG_WARN_OBJC_ROOT_CLASS = YES_ERROR;
				CLANG_WARN_RANGE_LOOP_ANALYSIS = YES;
				CLANG_WARN_STRICT_PROTOTYPES = YES;
				CLANG_WARN_SUSPICIOUS_MOVE = YES;
				CLANG_WARN_UNGUARDED_AVAILABILITY = YES_AGGRESSIVE;
				CLANG_WARN_UNREACHABLE_CODE = YES;
				CLANG_WARN__DUPLICATE_METHOD_MATCH = YES;
				CODE_SIGN_IDENTITY = "iPhone Developer";
				COPY_PHASE_STRIP = NO;
				DEBUG_INFORMATION_FORMAT = dwarf;
				ENABLE_STRICT_OBJC_MSGSEND = YES;
				ENABLE_TESTABILITY = YES;
				GCC_C_LANGUAGE_STANDARD = gnu11;
				GCC_DYNAMIC_NO_PIC = NO;
				GCC_NO_COMMON_BLOCKS = YES;
				GCC_OPTIMIZATION_LEVEL = 0;
				GCC_PREPROCESSOR_DEFINITIONS = (
					"DEBUG=1",
					"$(inherited)",
				);
				GCC_WARN_64_TO_32_BIT_CONVERSION = YES;
				GCC_WARN_ABOUT_RETURN_TYPE = YES_ERROR;
				GCC_WARN_UNDECLARED_SELECTOR = YES;
				GCC_WARN_UNINITIALIZED_AUTOS = YES_AGGRESSIVE;
				GCC_WARN_UNUSED_FUNCTION = YES;
				GCC_WARN_UNUSED_VARIABLE = YES;
				IPHONEOS_DEPLOYMENT_TARGET = 11.2;
				MTL_ENABLE_DEBUG_INFO = YES;
				ONLY_ACTIVE_ARCH = YES;
				SDKROOT = iphoneos;
				SWIFT_ACTIVE_COMPILATION_CONDITIONS = DEBUG;
				SWIFT_OPTIMIZATION_LEVEL = "-Onone";
			};
			name = Debug;
		};
		14D22F66209C46C6005D3D2D /* Release */ = {
			isa = XCBuildConfiguration;
			buildSettings = {
				ALWAYS_SEARCH_USER_PATHS = NO;
				CLANG_ANALYZER_NONNULL = YES;
				CLANG_ANALYZER_NUMBER_OBJECT_CONVERSION = YES_AGGRESSIVE;
				CLANG_CXX_LANGUAGE_STANDARD = "gnu++14";
				CLANG_CXX_LIBRARY = "libc++";
				CLANG_ENABLE_MODULES = YES;
				CLANG_ENABLE_OBJC_ARC = YES;
				CLANG_WARN_BLOCK_CAPTURE_AUTORELEASING = YES;
				CLANG_WARN_BOOL_CONVERSION = YES;
				CLANG_WARN_COMMA = YES;
				CLANG_WARN_CONSTANT_CONVERSION = YES;
				CLANG_WARN_DEPRECATED_OBJC_IMPLEMENTATIONS = YES;
				CLANG_WARN_DIRECT_OBJC_ISA_USAGE = YES_ERROR;
				CLANG_WARN_DOCUMENTATION_COMMENTS = YES;
				CLANG_WARN_EMPTY_BODY = YES;
				CLANG_WARN_ENUM_CONVERSION = YES;
				CLANG_WARN_INFINITE_RECURSION = YES;
				CLANG_WARN_INT_CONVERSION = YES;
				CLANG_WARN_NON_LITERAL_NULL_CONVERSION = YES;
				CLANG_WARN_OBJC_IMPLICIT_RETAIN_SELF = YES;
				CLANG_WARN_OBJC_LITERAL_CONVERSION = YES;
				CLANG_WARN_OBJC_ROOT_CLASS = YES_ERROR;
				CLANG_WARN_RANGE_LOOP_ANALYSIS = YES;
				CLANG_WARN_STRICT_PROTOTYPES = YES;
				CLANG_WARN_SUSPICIOUS_MOVE = YES;
				CLANG_WARN_UNGUARDED_AVAILABILITY = YES_AGGRESSIVE;
				CLANG_WARN_UNREACHABLE_CODE = YES;
				CLANG_WARN__DUPLICATE_METHOD_MATCH = YES;
				CODE_SIGN_IDENTITY = "iPhone Developer";
				COPY_PHASE_STRIP = NO;
				DEBUG_INFORMATION_FORMAT = "dwarf-with-dsym";
				ENABLE_NS_ASSERTIONS = NO;
				ENABLE_STRICT_OBJC_MSGSEND = YES;
				GCC_C_LANGUAGE_STANDARD = gnu11;
				GCC_NO_COMMON_BLOCKS = YES;
				GCC_WARN_64_TO_32_BIT_CONVERSION = YES;
				GCC_WARN_ABOUT_RETURN_TYPE = YES_ERROR;
				GCC_WARN_UNDECLARED_SELECTOR = YES;
				GCC_WARN_UNINITIALIZED_AUTOS = YES_AGGRESSIVE;
				GCC_WARN_UNUSED_FUNCTION = YES;
				GCC_WARN_UNUSED_VARIABLE = YES;
				IPHONEOS_DEPLOYMENT_TARGET = 11.2;
				MTL_ENABLE_DEBUG_INFO = NO;
				SDKROOT = iphoneos;
				SWIFT_OPTIMIZATION_LEVEL = "-Owholemodule";
				VALIDATE_PRODUCT = YES;
			};
			name = Release;
		};
		14D22F68209C46C6005D3D2D /* Debug */ = {
			isa = XCBuildConfiguration;
			buildSettings = {
				ASSETCATALOG_COMPILER_APPICON_NAME = AppIcon;
				CODE_SIGN_STYLE = Automatic;
				INFOPLIST_FILE = FoodTracker/Info.plist;
				LD_RUNPATH_SEARCH_PATHS = "$(inherited) @executable_path/Frameworks";
				PRODUCT_BUNDLE_IDENTIFIER = cn.decoreport.FoodTracker;
				PRODUCT_NAME = "$(TARGET_NAME)";
				SWIFT_VERSION = 4.0;
				TARGETED_DEVICE_FAMILY = "1,2";
			};
			name = Debug;
		};
		14D22F69209C46C6005D3D2D /* Release */ = {
			isa = XCBuildConfiguration;
			buildSettings = {
				ASSETCATALOG_COMPILER_APPICON_NAME = AppIcon;
				CODE_SIGN_STYLE = Automatic;
				INFOPLIST_FILE = FoodTracker/Info.plist;
				LD_RUNPATH_SEARCH_PATHS = "$(inherited) @executable_path/Frameworks";
				PRODUCT_BUNDLE_IDENTIFIER = cn.decoreport.FoodTracker;
				PRODUCT_NAME = "$(TARGET_NAME)";
				SWIFT_VERSION = 4.0;
				TARGETED_DEVICE_FAMILY = "1,2";
			};
			name = Release;
		};
		14D22F6B209C46C6005D3D2D /* Debug */ = {
			isa = XCBuildConfiguration;
			buildSettings = {
				ALWAYS_EMBED_SWIFT_STANDARD_LIBRARIES = YES;
				BUNDLE_LOADER = "$(TEST_HOST)";
				CODE_SIGN_STYLE = Automatic;
				INFOPLIST_FILE = FoodTrackerTests/Info.plist;
				LD_RUNPATH_SEARCH_PATHS = "$(inherited) @executable_path/Frameworks @loader_path/Frameworks";
				PRODUCT_BUNDLE_IDENTIFIER = cn.decoreport.FoodTrackerTests;
				PRODUCT_NAME = "$(TARGET_NAME)";
				SWIFT_VERSION = 4.0;
				TARGETED_DEVICE_FAMILY = "1,2";
				TEST_HOST = "$(BUILT_PRODUCTS_DIR)/FoodTracker.app/FoodTracker";
			};
			name = Debug;
		};
		14D22F6C209C46C6005D3D2D /* Release */ = {
			isa = XCBuildConfiguration;
			buildSettings = {
				ALWAYS_EMBED_SWIFT_STANDARD_LIBRARIES = YES;
				BUNDLE_LOADER = "$(TEST_HOST)";
				CODE_SIGN_STYLE = Automatic;
				INFOPLIST_FILE = FoodTrackerTests/Info.plist;
				LD_RUNPATH_SEARCH_PATHS = "$(inherited) @executable_path/Frameworks @loader_path/Frameworks";
				PRODUCT_BUNDLE_IDENTIFIER = cn.decoreport.FoodTrackerTests;
				PRODUCT_NAME = "$(TARGET_NAME)";
				SWIFT_VERSION = 4.0;
				TARGETED_DEVICE_FAMILY = "1,2";
				TEST_HOST = "$(BUILT_PRODUCTS_DIR)/FoodTracker.app/FoodTracker";
			};
			name = Release;
		};
		14D22F6E209C46C6005D3D2D /* Debug */ = {
			isa = XCBuildConfiguration;
			buildSettings = {
				ALWAYS_EMBED_SWIFT_STANDARD_LIBRARIES = YES;
				CODE_SIGN_STYLE = Automatic;
				INFOPLIST_FILE = FoodTrackerUITests/Info.plist;
				LD_RUNPATH_SEARCH_PATHS = "$(inherited) @executable_path/Frameworks @loader_path/Frameworks";
				PRODUCT_BUNDLE_IDENTIFIER = cn.decoreport.FoodTrackerUITests;
				PRODUCT_NAME = "$(TARGET_NAME)";
				SWIFT_VERSION = 4.0;
				TARGETED_DEVICE_FAMILY = "1,2";
				TEST_TARGET_NAME = FoodTracker;
			};
			name = Debug;
		};
		14D22F6F209C46C6005D3D2D /* Release */ = {
			isa = XCBuildConfiguration;
			buildSettings = {
				ALWAYS_EMBED_SWIFT_STANDARD_LIBRARIES = YES;
				CODE_SIGN_STYLE = Automatic;
				INFOPLIST_FILE = FoodTrackerUITests/Info.plist;
				LD_RUNPATH_SEARCH_PATHS = "$(inherited) @executable_path/Frameworks @loader_path/Frameworks";
				PRODUCT_BUNDLE_IDENTIFIER = cn.decoreport.FoodTrackerUITests;
				PRODUCT_NAME = "$(TARGET_NAME)";
				SWIFT_VERSION = 4.0;
				TARGETED_DEVICE_FAMILY = "1,2";
				TEST_TARGET_NAME = FoodTracker;
			};
			name = Release;
		};
/* End XCBuildConfiguration section */

/* Begin XCConfigurationList section */
		14D22F3A209C46C6005D3D2D /* Build configuration list for PBXProject "FoodTracker" */ = {
			isa = XCConfigurationList;
			buildConfigurations = (
				14D22F65209C46C6005D3D2D /* Debug */,
				14D22F66209C46C6005D3D2D /* Release */,
			);
			defaultConfigurationIsVisible = 0;
			defaultConfigurationName = Release;
		};
		14D22F67209C46C6005D3D2D /* Build configuration list for PBXNativeTarget "FoodTracker" */ = {
			isa = XCConfigurationList;
			buildConfigurations = (
				14D22F68209C46C6005D3D2D /* Debug */,
				14D22F69209C46C6005D3D2D /* Release */,
			);
			defaultConfigurationIsVisible = 0;
			defaultConfigurationName = Release;
		};
		14D22F6A209C46C6005D3D2D /* Build configuration list for PBXNativeTarget "FoodTrackerTests" */ = {
			isa = XCConfigurationList;
			buildConfigurations = (
				14D22F6B209C46C6005D3D2D /* Debug */,
				14D22F6C209C46C6005D3D2D /* Release */,
			);
			defaultConfigurationIsVisible = 0;
			defaultConfigurationName = Release;
		};
		14D22F6D209C46C6005D3D2D /* Build configuration list for PBXNativeTarget "FoodTrackerUITests" */ = {
			isa = XCConfigurationList;
			buildConfigurations = (
				14D22F6E209C46C6005D3D2D /* Debug */,
				14D22F6F209C46C6005D3D2D /* Release */,
			);
			defaultConfigurationIsVisible = 0;
			defaultConfigurationName = Release;
		};
/* End XCConfigurationList section */
	};
	rootObject = 14D22F37209C46C6005D3D2D /* Project object */;
}
